
Microsoft Visual Studio Solution File, Format Version 12.00
# Visual Studio Version 17
VisualStudioVersion = 17.14.36414.22 d17.14
MinimumVisualStudioVersion = 10.0.40219.1
Project("{FAE04EC0-301F-11D3-BF4B-00C04F79EFBC}") = "TaskManager", "TaskManager\TaskManager.csproj", "{D585282F-5069-42A9-815E-84BC7CE4D41D}"
EndProject
Project("{FAE04EC0-301F-11D3-BF4B-00C04F79EFBC}") = "TaskManager.Core", "TaskManager.Core\TaskManager.Core.csproj", "{03EB0651-836D-4031-B24C-A1F99A43D913}"
EndProject
Project("{FAE04EC0-301F-11D3-BF4B-00C04F79EFBC}") = "TaskManager.Infrastructure", "TaskManager.Infrastructure\TaskManager.Infrastructure.csproj", "{30899B11-165C-4054-93C9-4206290CE9D4}"
EndProject
Project("{FAE04EC0-301F-11D3-BF4B-00C04F79EFBC}") = "TaskManager.Tests", "TaskManager.Tests\TaskManager.Tests.csproj", "{E9A2B3A4-9356-404E-BFBC-4D5F55634EDB}"
EndProject
Global
	GlobalSection(SolutionConfigurationPlatforms) = preSolution
		Debug|Any CPU = Debug|Any CPU
		Release|Any CPU = Release|Any CPU
	EndGlobalSection
	GlobalSection(ProjectConfigurationPlatforms) = postSolution
		{D585282F-5069-42A9-815E-84BC7CE4D41D}.Debug|Any CPU.ActiveCfg = Debug|Any CPU
		{D585282F-5069-42A9-815E-84BC7CE4D41D}.Debug|Any CPU.Build.0 = Debug|Any CPU
		{D585282F-5069-42A9-815E-84BC7CE4D41D}.Release|Any CPU.ActiveCfg = Release|Any CPU
		{D585282F-5069-42A9-815E-84BC7CE4D41D}.Release|Any CPU.Build.0 = Release|Any CPU
		{03EB0651-836D-4031-B24C-A1F99A43D913}.Debug|Any CPU.ActiveCfg = Debug|Any CPU
		{03EB0651-836D-4031-B24C-A1F99A43D913}.Debug|Any CPU.Build.0 = Debug|Any CPU
		{03EB0651-836D-4031-B24C-A1F99A43D913}.Release|Any CPU.ActiveCfg = Release|Any CPU
		{03EB0651-836D-4031-B24C-A1F99A43D913}.Release|Any CPU.Build.0 = Release|Any CPU
		{30899B11-165C-4054-93C9-4206290CE9D4}.Debug|Any CPU.ActiveCfg = Debug|Any CPU
		{30899B11-165C-4054-93C9-4206290CE9D4}.Debug|Any CPU.Build.0 = Debug|Any CPU
		{30899B11-165C-4054-93C9-4206290CE9D4}.Release|Any CPU.ActiveCfg = Release|Any CPU
		{30899B11-165C-4054-93C9-4206290CE9D4}.Release|Any CPU.Build.0 = Release|Any CPU
		{E9A2B3A4-9356-404E-BFBC-4D5F55634EDB}.Debug|Any CPU.ActiveCfg = Debug|Any CPU
		{E9A2B3A4-9356-404E-BFBC-4D5F55634EDB}.Debug|Any CPU.Build.0 = Debug|Any CPU
		{E9A2B3A4-9356-404E-BFBC-4D5F55634EDB}.Release|Any CPU.ActiveCfg = Release|Any CPU
		{E9A2B3A4-9356-404E-BFBC-4D5F55634EDB}.Release|Any CPU.Build.0 = Release|Any CPU
	EndGlobalSection
	GlobalSection(SolutionProperties) = preSolution
		HideSolutionNode = FALSE
	EndGlobalSection
	GlobalSection(ExtensibilityGlobals) = postSolution
		SolutionGuid = {60599C3C-38E7-44B5-8BA8-233C641905A5}
	EndGlobalSection
EndGlobal
